# THIS IS AN AUTOGENERATED FILE. DO NOT EDIT THIS FILE DIRECTLY.
# yarn lockfile v1


rollup@^0.52.0:
  version "0.52.0"
  resolved "https://registry.yarnpkg.com/rollup/-/rollup-0.52.0.tgz#cdb6927f53bf7b7fb09af3a936b9c8ee49b161e2"

typescript@^2.6.2:
  version "2.6.2"
  resolved "https://registry.yarnpkg.com/typescript/-/typescript-2.6.2.tgz#3c5b6fd7f6de0914269027f03c0946758f7673a4"
